
Microsoft Visual Studio Solution File, Format Version 12.00
# Visual Studio Version 17
VisualStudioVersion = 17.1.32328.378
MinimumVisualStudioVersion = 10.0.40219.1
Project("{9A19103F-16F7-4668-BE54-9A1E7A4F7556}") = "FinalProject", "FinalProject\FinalProject.csproj", "{A7CA4857-9F07-43E2-AB81-2C49EDB73150}"
EndProject
Project("{FAE04EC0-301F-11D3-BF4B-00C04F79EFBC}") = "Api", "Api\Api.csproj", "{1AA9C85C-01D4-4EA0-9D58-17E0548B1950}"
EndProject
Global
	GlobalSection(SolutionConfigurationPlatforms) = preSolution
		Debug|Any CPU = Debug|Any CPU
		Release|Any CPU = Release|Any CPU
	EndGlobalSection
	GlobalSection(ProjectConfigurationPlatforms) = postSolution
		{A7CA4857-9F07-43E2-AB81-2C49EDB73150}.Debug|Any CPU.ActiveCfg = Debug|Any CPU
		{A7CA4857-9F07-43E2-AB81-2C49EDB73150}.Debug|Any CPU.Build.0 = Debug|Any CPU
		{A7CA4857-9F07-43E2-AB81-2C49EDB73150}.Release|Any CPU.ActiveCfg = Release|Any CPU
		{A7CA4857-9F07-43E2-AB81-2C49EDB73150}.Release|Any CPU.Build.0 = Release|Any CPU
		{1AA9C85C-01D4-4EA0-9D58-17E0548B1950}.Debug|Any CPU.ActiveCfg = Debug|Any CPU
		{1AA9C85C-01D4-4EA0-9D58-17E0548B1950}.Debug|Any CPU.Build.0 = Debug|Any CPU
		{1AA9C85C-01D4-4EA0-9D58-17E0548B1950}.Release|Any CPU.ActiveCfg = Release|Any CPU
		{1AA9C85C-01D4-4EA0-9D58-17E0548B1950}.Release|Any CPU.Build.0 = Release|Any CPU
	EndGlobalSection
	GlobalSection(SolutionProperties) = preSolution
		HideSolutionNode = FALSE
	EndGlobalSection
	GlobalSection(ExtensibilityGlobals) = postSolution
		SolutionGuid = {2B4F07D0-D745-4613-8C64-0CDE16BF87DA}
	EndGlobalSection
EndGlobal
